
Microsoft Visual Studio Solution File, Format Version 12.00
# Visual Studio 2013
VisualStudioVersion = 12.0.40629.0
MinimumVisualStudioVersion = 10.0.40219.1
Project("{FAE04EC0-301F-11D3-BF4B-00C04F79EFBC}") = "CaisseSqlLogicLibrary", "CaisseSqlLogicLibrary\CaisseSqlLogicLibrary.csproj", "{4FDAA413-86A2-42F4-BE5D-D5E8F18208E6}"
EndProject
Project("{FAE04EC0-301F-11D3-BF4B-00C04F79EFBC}") = "CaisseLogicLibrary", "CaisseLogicLibrary\CaisseLogicLibrary.csproj", "{52976B78-8F76-4FE7-BA2F-BD39553C525B}"
EndProject
Project("{FAE04EC0-301F-11D3-BF4B-00C04F79EFBC}") = "CaisseDTOsLibrary", "CaisseDTOsLibrary\CaisseDTOsLibrary.csproj", "{81EFCC30-7570-4049-89EE-6FCEF9B86CF6}"
EndProject
Project("{FAE04EC0-301F-11D3-BF4B-00C04F79EFBC}") = "CaisseWinformUI", "CaisseWinformUI\CaisseWinformUI.csproj", "{C6130CF6-991C-4F9C-82E7-504248D317C8}"
EndProject
Global
	GlobalSection(SolutionConfigurationPlatforms) = preSolution
		Debug|Any CPU = Debug|Any CPU
		Release|Any CPU = Release|Any CPU
	EndGlobalSection
	GlobalSection(ProjectConfigurationPlatforms) = postSolution
		{4FDAA413-86A2-42F4-BE5D-D5E8F18208E6}.Debug|Any CPU.ActiveCfg = Debug|Any CPU
		{4FDAA413-86A2-42F4-BE5D-D5E8F18208E6}.Debug|Any CPU.Build.0 = Debug|Any CPU
		{4FDAA413-86A2-42F4-BE5D-D5E8F18208E6}.Release|Any CPU.ActiveCfg = Release|Any CPU
		{4FDAA413-86A2-42F4-BE5D-D5E8F18208E6}.Release|Any CPU.Build.0 = Release|Any CPU
		{52976B78-8F76-4FE7-BA2F-BD39553C525B}.Debug|Any CPU.ActiveCfg = Debug|Any CPU
		{52976B78-8F76-4FE7-BA2F-BD39553C525B}.Debug|Any CPU.Build.0 = Debug|Any CPU
		{52976B78-8F76-4FE7-BA2F-BD39553C525B}.Release|Any CPU.ActiveCfg = Release|Any CPU
		{52976B78-8F76-4FE7-BA2F-BD39553C525B}.Release|Any CPU.Build.0 = Release|Any CPU
		{81EFCC30-7570-4049-89EE-6FCEF9B86CF6}.Debug|Any CPU.ActiveCfg = Debug|Any CPU
		{81EFCC30-7570-4049-89EE-6FCEF9B86CF6}.Debug|Any CPU.Build.0 = Debug|Any CPU
		{81EFCC30-7570-4049-89EE-6FCEF9B86CF6}.Release|Any CPU.ActiveCfg = Release|Any CPU
		{81EFCC30-7570-4049-89EE-6FCEF9B86CF6}.Release|Any CPU.Build.0 = Release|Any CPU
		{C6130CF6-991C-4F9C-82E7-504248D317C8}.Debug|Any CPU.ActiveCfg = Debug|Any CPU
		{C6130CF6-991C-4F9C-82E7-504248D317C8}.Debug|Any CPU.Build.0 = Debug|Any CPU
		{C6130CF6-991C-4F9C-82E7-504248D317C8}.Release|Any CPU.ActiveCfg = Release|Any CPU
		{C6130CF6-991C-4F9C-82E7-504248D317C8}.Release|Any CPU.Build.0 = Release|Any CPU
	EndGlobalSection
	GlobalSection(SolutionProperties) = preSolution
		HideSolutionNode = FALSE
	EndGlobalSection
EndGlobal
